
Microsoft Visual Studio Solution File, Format Version 12.00
# Visual Studio Version 16
VisualStudioVersion = 16.0.33927.289
MinimumVisualStudioVersion = 10.0.40219.1
Project("{2150E333-8FDC-42A3-9474-1A3956D46DE8}") = "Task0", "Task0", "{AB7D758C-AA47-4AB6-B0A0-AF9C67D6D416}"
EndProject
Project("{FAE04EC0-301F-11D3-BF4B-00C04F79EFBC}") = "Tyuiu.TolmachevVV.Sprint2.Task0.V16", "Tyuiu.TolmachevVV.Sprint2.Task0.V16\Tyuiu.TolmachevVV.Sprint2.Task0.V16.csproj", "{2E68FA85-1184-420A-B295-C5E7CF9986CD}"
EndProject
Project("{FAE04EC0-301F-11D3-BF4B-00C04F79EFBC}") = "Tyuiu.TolmachevVV.Sprint2.Task0.V16.Lib", "Tyuiu.TolmachevVV.Sprint2.Task0.V16.Lib\Tyuiu.TolmachevVV.Sprint2.Task0.V16.Lib.csproj", "{21D9EC42-58B3-4273-90EC-E3830A0ED4ED}"
EndProject
Project("{FAE04EC0-301F-11D3-BF4B-00C04F79EFBC}") = "Tyuiu.TolmachevVV.Sprint2.Task0.V16.Test", "Tyuiu.TolmachevVV.Sprint2.Task0.V16.Test\Tyuiu.TolmachevVV.Sprint2.Task0.V16.Test.csproj", "{C609415C-E41E-40C8-9715-6BE0E888A86B}"
EndProject
Project("{2150E333-8FDC-42A3-9474-1A3956D46DE8}") = "Task1", "Task1", "{3B00C9B3-6FEA-4A4A-88DB-82CAEA1FD990}"
EndProject
Project("{FAE04EC0-301F-11D3-BF4B-00C04F79EFBC}") = "Tyuiu.TolmachevVV.Sprint2.Task1.V18", "Tyuiu.TolmachevVV.Sprint2.Task1.V18\Tyuiu.TolmachevVV.Sprint2.Task1.V18.csproj", "{5FB1A6F5-FE33-496B-9480-BFC383E2DEF8}"
EndProject
Project("{FAE04EC0-301F-11D3-BF4B-00C04F79EFBC}") = "Tyuiu.TolmachevVV.Sprint2.Task1.V18.Lib", "Tyuiu.TolmachevVV.Sprint2.Task1.V18.Lib\Tyuiu.TolmachevVV.Sprint2.Task1.V18.Lib.csproj", "{96DF1BDF-8B4D-42CD-BE78-580FBED4F8B9}"
EndProject
Project("{FAE04EC0-301F-11D3-BF4B-00C04F79EFBC}") = "Tyuiu.TolmachevVV.Sprint2.Task1.V18.Test", "Tyuiu.TolmachevVV.Sprint2.Task1.V18.Test\Tyuiu.TolmachevVV.Sprint2.Task1.V18.Test.csproj", "{F976EBC7-8F4D-4367-8942-F2C3983559EA}"
EndProject
Project("{2150E333-8FDC-42A3-9474-1A3956D46DE8}") = "Task2", "Task2", "{9313CC13-CB69-410C-A12E-00549714E005}"
EndProject
Project("{FAE04EC0-301F-11D3-BF4B-00C04F79EFBC}") = "Tyuiu.TolmachevVV.Sprint2.Task2.V2", "Tyuiu.TolmachevVV.Sprint2.Task2.V2\Tyuiu.TolmachevVV.Sprint2.Task2.V2.csproj", "{9F80911E-4D05-4AB5-9495-7E2BF2BE335B}"
EndProject
Project("{FAE04EC0-301F-11D3-BF4B-00C04F79EFBC}") = "Tyuiu.TolmachevVV.Sprint2.Task2.V2.Lib", "Tyuiu.TolmachevVV.Sprint2.Task2.V2.Lib\Tyuiu.TolmachevVV.Sprint2.Task2.V2.Lib.csproj", "{D58F040E-06C4-44CA-A841-50023871DB03}"
EndProject
Project("{FAE04EC0-301F-11D3-BF4B-00C04F79EFBC}") = "Tyuiu.TolmachevVV.Sprint2.Task2.V2.Test", "Tyuiu.TolmachevVV.Sprint2.Task2.V2.Test\Tyuiu.TolmachevVV.Sprint2.Task2.V2.Test.csproj", "{E7BE7E4A-CAAC-49E1-9695-DDA3B4C9DC00}"
EndProject
Project("{2150E333-8FDC-42A3-9474-1A3956D46DE8}") = "Task3", "Task3", "{84EC6B72-7EB3-437E-850D-F4F80F845C3F}"
EndProject
Project("{FAE04EC0-301F-11D3-BF4B-00C04F79EFBC}") = "Tyuiu.TolmachevVV.Sprint2.Task3.V1", "Tyuiu.TolmachevVV.Sprint2.Task3.V1\Tyuiu.TolmachevVV.Sprint2.Task3.V1.csproj", "{7E733484-2C49-450A-BAEF-58E0A9A8B82D}"
EndProject
Project("{FAE04EC0-301F-11D3-BF4B-00C04F79EFBC}") = "Tyuiu.TolmachevVV.Sprint2.Task3.V1.Lib", "Tyuiu.TolmachevVV.Sprint2.Task3.V1.Lib\Tyuiu.TolmachevVV.Sprint2.Task3.V1.Lib.csproj", "{8672D61E-960F-4FFF-8DC8-98283C0198FB}"
EndProject
Project("{FAE04EC0-301F-11D3-BF4B-00C04F79EFBC}") = "Tyuiu.TolmachevVV.Sprint2.Task3.V1.Test", "Tyuiu.TolmachevVV.Sprint2.Task3.V1.Test\Tyuiu.TolmachevVV.Sprint2.Task3.V1.Test.csproj", "{E844A7DC-DC70-4F30-B57F-35ED6493BACF}"
EndProject
Project("{2150E333-8FDC-42A3-9474-1A3956D46DE8}") = "Task4", "Task4", "{6F1F5E5B-2A1A-4727-B66C-EE183FCB69B9}"
EndProject
Project("{FAE04EC0-301F-11D3-BF4B-00C04F79EFBC}") = "Tyuiu.TolmachevVV.Sprint2.Task4.V23", "Tyuiu.TolmachevVV.Sprint2.Task4.V23\Tyuiu.TolmachevVV.Sprint2.Task4.V23.csproj", "{64C09D6E-F422-4E29-A191-1317F5B3D0DC}"
EndProject
Project("{FAE04EC0-301F-11D3-BF4B-00C04F79EFBC}") = "Tyuiu.TolmachevVV.Sprint2.Task4.V23.Lib", "Tyuiu.TolmachevVV.Sprint2.Task4.V23.Lib\Tyuiu.TolmachevVV.Sprint2.Task4.V23.Lib.csproj", "{BD5AFAFC-D219-4082-A470-F40479E63426}"
EndProject
Project("{FAE04EC0-301F-11D3-BF4B-00C04F79EFBC}") = "Tyuiu.TolmachevVV.Sprint2.Task4.V23.Test", "Tyuiu.TolmachevVV.Sprint2.Task4.V23.Test\Tyuiu.TolmachevVV.Sprint2.Task4.V23.Test.csproj", "{E0CABAAB-2D71-45AB-B81C-44D6F19DDF51}"
EndProject
Project("{2150E333-8FDC-42A3-9474-1A3956D46DE8}") = "Task5", "Task5", "{0B141AD8-6222-413F-AFDD-3A215EF7A9B2}"
EndProject
Project("{FAE04EC0-301F-11D3-BF4B-00C04F79EFBC}") = "Tyuiu.TolmachevVV.Sprint2.Task5.V10", "Tyuiu.TolmachevVV.Sprint2.Task5.V10\Tyuiu.TolmachevVV.Sprint2.Task5.V10.csproj", "{EE5360E8-EDC4-423D-9091-D51B5EFA5E9E}"
EndProject
Project("{FAE04EC0-301F-11D3-BF4B-00C04F79EFBC}") = "Tyuiu.TolmachevVV.Sprint2.Task5.V10.Lib", "Tyuiu.TolmachevVV.Sprint2.Task5.V10.Lib\Tyuiu.TolmachevVV.Sprint2.Task5.V10.Lib.csproj", "{EB79097F-3B08-4301-A5DB-28ADB5245AE9}"
EndProject
Project("{FAE04EC0-301F-11D3-BF4B-00C04F79EFBC}") = "Tyuiu.TolmachevVV.Sprint2.Task5.V10.Test", "Tyuiu.TolmachevVV.Sprint2.Task5.V10.Test\Tyuiu.TolmachevVV.Sprint2.Task5.V10.Test.csproj", "{85E7FE52-372B-4CCC-BDC8-661652F17B75}"
EndProject
Project("{2150E333-8FDC-42A3-9474-1A3956D46DE8}") = "Task6", "Task6", "{3D3274C1-FE68-4744-AEDE-9C33B6BD18D5}"
EndProject
Project("{FAE04EC0-301F-11D3-BF4B-00C04F79EFBC}") = "Tyuiu.TolmachevVV.Sprint2.Task6.V12", "Tyuiu.TolmachevVV.Sprint2.Task6.V12\Tyuiu.TolmachevVV.Sprint2.Task6.V12.csproj", "{AFC26070-5298-480D-AC78-C4EFD968B480}"
EndProject
Project("{FAE04EC0-301F-11D3-BF4B-00C04F79EFBC}") = "Tyuiu.TolmachevVV.Sprint2.Task6.V12.Lib", "Tyuiu.TolmachevVV.Sprint2.Task6.V12.Lib\Tyuiu.TolmachevVV.Sprint2.Task6.V12.Lib.csproj", "{2A38C5B7-7BFD-4454-9634-B6ECFAC72922}"
EndProject
Project("{FAE04EC0-301F-11D3-BF4B-00C04F79EFBC}") = "Tyuiu.TolmachevVV.Sprint2.Task6.V12.Test", "Tyuiu.TolmachevVV.Sprint2.Task6.V12.Test\Tyuiu.TolmachevVV.Sprint2.Task6.V12.Test.csproj", "{C8F7F837-0311-4DCC-A4A4-E13C9DBB3A9C}"
EndProject
Project("{2150E333-8FDC-42A3-9474-1A3956D46DE8}") = "Task7", "Task7", "{1BD4D7A5-BBAA-4403-BB13-D50C45067E9D}"
EndProject
Project("{FAE04EC0-301F-11D3-BF4B-00C04F79EFBC}") = "Tyuiu.TolmachevVV.Sprint2.Task7.V12", "Tyuiu.TolmachevVV.Sprint2.Task7.V12\Tyuiu.TolmachevVV.Sprint2.Task7.V12.csproj", "{F6BA45E0-6EF2-48BB-9694-DD8F77E49253}"
EndProject
Project("{FAE04EC0-301F-11D3-BF4B-00C04F79EFBC}") = "Tyuiu.TolmachevVV.Sprint2.Task7.V12.Lib", "Tyuiu.TolmachevVV.Sprint2.Task7.V12.Lib\Tyuiu.TolmachevVV.Sprint2.Task7.V12.Lib.csproj", "{A19C857C-C04A-4AA3-98AF-B9D19F56F86F}"
EndProject
Project("{FAE04EC0-301F-11D3-BF4B-00C04F79EFBC}") = "Tyuiu.TolmachevVV.Sprint2.Task7.V12.Test", "Tyuiu.TolmachevVV.Sprint2.Task7.V12.Test\Tyuiu.TolmachevVV.Sprint2.Task7.V12.Test.csproj", "{216471CD-6C16-4CCE-A952-32033CBE572D}"
EndProject
Global
	GlobalSection(SolutionConfigurationPlatforms) = preSolution
		Debug|Any CPU = Debug|Any CPU
		Release|Any CPU = Release|Any CPU
	EndGlobalSection
	GlobalSection(ProjectConfigurationPlatforms) = postSolution
		{2E68FA85-1184-420A-B295-C5E7CF9986CD}.Debug|Any CPU.ActiveCfg = Debug|Any CPU
		{2E68FA85-1184-420A-B295-C5E7CF9986CD}.Debug|Any CPU.Build.0 = Debug|Any CPU
		{2E68FA85-1184-420A-B295-C5E7CF9986CD}.Release|Any CPU.ActiveCfg = Release|Any CPU
		{2E68FA85-1184-420A-B295-C5E7CF9986CD}.Release|Any CPU.Build.0 = Release|Any CPU
		{21D9EC42-58B3-4273-90EC-E3830A0ED4ED}.Debug|Any CPU.ActiveCfg = Debug|Any CPU
		{21D9EC42-58B3-4273-90EC-E3830A0ED4ED}.Debug|Any CPU.Build.0 = Debug|Any CPU
		{21D9EC42-58B3-4273-90EC-E3830A0ED4ED}.Release|Any CPU.ActiveCfg = Release|Any CPU
		{21D9EC42-58B3-4273-90EC-E3830A0ED4ED}.Release|Any CPU.Build.0 = Release|Any CPU
		{C609415C-E41E-40C8-9715-6BE0E888A86B}.Debug|Any CPU.ActiveCfg = Debug|Any CPU
		{C609415C-E41E-40C8-9715-6BE0E888A86B}.Debug|Any CPU.Build.0 = Debug|Any CPU
		{C609415C-E41E-40C8-9715-6BE0E888A86B}.Release|Any CPU.ActiveCfg = Release|Any CPU
		{C609415C-E41E-40C8-9715-6BE0E888A86B}.Release|Any CPU.Build.0 = Release|Any CPU
		{5FB1A6F5-FE33-496B-9480-BFC383E2DEF8}.Debug|Any CPU.ActiveCfg = Debug|Any CPU
		{5FB1A6F5-FE33-496B-9480-BFC383E2DEF8}.Debug|Any CPU.Build.0 = Debug|Any CPU
		{5FB1A6F5-FE33-496B-9480-BFC383E2DEF8}.Release|Any CPU.ActiveCfg = Release|Any CPU
		{5FB1A6F5-FE33-496B-9480-BFC383E2DEF8}.Release|Any CPU.Build.0 = Release|Any CPU
		{96DF1BDF-8B4D-42CD-BE78-580FBED4F8B9}.Debug|Any CPU.ActiveCfg = Debug|Any CPU
		{96DF1BDF-8B4D-42CD-BE78-580FBED4F8B9}.Debug|Any CPU.Build.0 = Debug|Any CPU
		{96DF1BDF-8B4D-42CD-BE78-580FBED4F8B9}.Release|Any CPU.ActiveCfg = Release|Any CPU
		{96DF1BDF-8B4D-42CD-BE78-580FBED4F8B9}.Release|Any CPU.Build.0 = Release|Any CPU
		{F976EBC7-8F4D-4367-8942-F2C3983559EA}.Debug|Any CPU.ActiveCfg = Debug|Any CPU
		{F976EBC7-8F4D-4367-8942-F2C3983559EA}.Debug|Any CPU.Build.0 = Debug|Any CPU
		{F976EBC7-8F4D-4367-8942-F2C3983559EA}.Release|Any CPU.ActiveCfg = Release|Any CPU
		{F976EBC7-8F4D-4367-8942-F2C3983559EA}.Release|Any CPU.Build.0 = Release|Any CPU
		{9F80911E-4D05-4AB5-9495-7E2BF2BE335B}.Debug|Any CPU.ActiveCfg = Debug|Any CPU
		{9F80911E-4D05-4AB5-9495-7E2BF2BE335B}.Debug|Any CPU.Build.0 = Debug|Any CPU
		{9F80911E-4D05-4AB5-9495-7E2BF2BE335B}.Release|Any CPU.ActiveCfg = Release|Any CPU
		{9F80911E-4D05-4AB5-9495-7E2BF2BE335B}.Release|Any CPU.Build.0 = Release|Any CPU
		{D58F040E-06C4-44CA-A841-50023871DB03}.Debug|Any CPU.ActiveCfg = Debug|Any CPU
		{D58F040E-06C4-44CA-A841-50023871DB03}.Debug|Any CPU.Build.0 = Debug|Any CPU
		{D58F040E-06C4-44CA-A841-50023871DB03}.Release|Any CPU.ActiveCfg = Release|Any CPU
		{D58F040E-06C4-44CA-A841-50023871DB03}.Release|Any CPU.Build.0 = Release|Any CPU
		{E7BE7E4A-CAAC-49E1-9695-DDA3B4C9DC00}.Debug|Any CPU.ActiveCfg = Debug|Any CPU
		{E7BE7E4A-CAAC-49E1-9695-DDA3B4C9DC00}.Debug|Any CPU.Build.0 = Debug|Any CPU
		{E7BE7E4A-CAAC-49E1-9695-DDA3B4C9DC00}.Release|Any CPU.ActiveCfg = Release|Any CPU
		{E7BE7E4A-CAAC-49E1-9695-DDA3B4C9DC00}.Release|Any CPU.Build.0 = Release|Any CPU
		{7E733484-2C49-450A-BAEF-58E0A9A8B82D}.Debug|Any CPU.ActiveCfg = Debug|Any CPU
		{7E733484-2C49-450A-BAEF-58E0A9A8B82D}.Debug|Any CPU.Build.0 = Debug|Any CPU
		{7E733484-2C49-450A-BAEF-58E0A9A8B82D}.Release|Any CPU.ActiveCfg = Release|Any CPU
		{7E733484-2C49-450A-BAEF-58E0A9A8B82D}.Release|Any CPU.Build.0 = Release|Any CPU
		{8672D61E-960F-4FFF-8DC8-98283C0198FB}.Debug|Any CPU.ActiveCfg = Debug|Any CPU
		{8672D61E-960F-4FFF-8DC8-98283C0198FB}.Debug|Any CPU.Build.0 = Debug|Any CPU
		{8672D61E-960F-4FFF-8DC8-98283C0198FB}.Release|Any CPU.ActiveCfg = Release|Any CPU
		{8672D61E-960F-4FFF-8DC8-98283C0198FB}.Release|Any CPU.Build.0 = Release|Any CPU
		{E844A7DC-DC70-4F30-B57F-35ED6493BACF}.Debug|Any CPU.ActiveCfg = Debug|Any CPU
		{E844A7DC-DC70-4F30-B57F-35ED6493BACF}.Debug|Any CPU.Build.0 = Debug|Any CPU
		{E844A7DC-DC70-4F30-B57F-35ED6493BACF}.Release|Any CPU.ActiveCfg = Release|Any CPU
		{E844A7DC-DC70-4F30-B57F-35ED6493BACF}.Release|Any CPU.Build.0 = Release|Any CPU
		{64C09D6E-F422-4E29-A191-1317F5B3D0DC}.Debug|Any CPU.ActiveCfg = Debug|Any CPU
		{64C09D6E-F422-4E29-A191-1317F5B3D0DC}.Debug|Any CPU.Build.0 = Debug|Any CPU
		{64C09D6E-F422-4E29-A191-1317F5B3D0DC}.Release|Any CPU.ActiveCfg = Release|Any CPU
		{64C09D6E-F422-4E29-A191-1317F5B3D0DC}.Release|Any CPU.Build.0 = Release|Any CPU
		{BD5AFAFC-D219-4082-A470-F40479E63426}.Debug|Any CPU.ActiveCfg = Debug|Any CPU
		{BD5AFAFC-D219-4082-A470-F40479E63426}.Debug|Any CPU.Build.0 = Debug|Any CPU
		{BD5AFAFC-D219-4082-A470-F40479E63426}.Release|Any CPU.ActiveCfg = Release|Any CPU
		{BD5AFAFC-D219-4082-A470-F40479E63426}.Release|Any CPU.Build.0 = Release|Any CPU
		{E0CABAAB-2D71-45AB-B81C-44D6F19DDF51}.Debug|Any CPU.ActiveCfg = Debug|Any CPU
		{E0CABAAB-2D71-45AB-B81C-44D6F19DDF51}.Debug|Any CPU.Build.0 = Debug|Any CPU
		{E0CABAAB-2D71-45AB-B81C-44D6F19DDF51}.Release|Any CPU.ActiveCfg = Release|Any CPU
		{E0CABAAB-2D71-45AB-B81C-44D6F19DDF51}.Release|Any CPU.Build.0 = Release|Any CPU
		{EE5360E8-EDC4-423D-9091-D51B5EFA5E9E}.Debug|Any CPU.ActiveCfg = Debug|Any CPU
		{EE5360E8-EDC4-423D-9091-D51B5EFA5E9E}.Debug|Any CPU.Build.0 = Debug|Any CPU
		{EE5360E8-EDC4-423D-9091-D51B5EFA5E9E}.Release|Any CPU.ActiveCfg = Release|Any CPU
		{EE5360E8-EDC4-423D-9091-D51B5EFA5E9E}.Release|Any CPU.Build.0 = Release|Any CPU
		{EB79097F-3B08-4301-A5DB-28ADB5245AE9}.Debug|Any CPU.ActiveCfg = Debug|Any CPU
		{EB79097F-3B08-4301-A5DB-28ADB5245AE9}.Debug|Any CPU.Build.0 = Debug|Any CPU
		{EB79097F-3B08-4301-A5DB-28ADB5245AE9}.Release|Any CPU.ActiveCfg = Release|Any CPU
		{EB79097F-3B08-4301-A5DB-28ADB5245AE9}.Release|Any CPU.Build.0 = Release|Any CPU
		{85E7FE52-372B-4CCC-BDC8-661652F17B75}.Debug|Any CPU.ActiveCfg = Debug|Any CPU
		{85E7FE52-372B-4CCC-BDC8-661652F17B75}.Debug|Any CPU.Build.0 = Debug|Any CPU
		{85E7FE52-372B-4CCC-BDC8-661652F17B75}.Release|Any CPU.ActiveCfg = Release|Any CPU
		{85E7FE52-372B-4CCC-BDC8-661652F17B75}.Release|Any CPU.Build.0 = Release|Any CPU
		{AFC26070-5298-480D-AC78-C4EFD968B480}.Debug|Any CPU.ActiveCfg = Debug|Any CPU
		{AFC26070-5298-480D-AC78-C4EFD968B480}.Debug|Any CPU.Build.0 = Debug|Any CPU
		{AFC26070-5298-480D-AC78-C4EFD968B480}.Release|Any CPU.ActiveCfg = Release|Any CPU
		{AFC26070-5298-480D-AC78-C4EFD968B480}.Release|Any CPU.Build.0 = Release|Any CPU
		{2A38C5B7-7BFD-4454-9634-B6ECFAC72922}.Debug|Any CPU.ActiveCfg = Debug|Any CPU
		{2A38C5B7-7BFD-4454-9634-B6ECFAC72922}.Debug|Any CPU.Build.0 = Debug|Any CPU
		{2A38C5B7-7BFD-4454-9634-B6ECFAC72922}.Release|Any CPU.ActiveCfg = Release|Any CPU
		{2A38C5B7-7BFD-4454-9634-B6ECFAC72922}.Release|Any CPU.Build.0 = Release|Any CPU
		{C8F7F837-0311-4DCC-A4A4-E13C9DBB3A9C}.Debug|Any CPU.ActiveCfg = Debug|Any CPU
		{C8F7F837-0311-4DCC-A4A4-E13C9DBB3A9C}.Debug|Any CPU.Build.0 = Debug|Any CPU
		{C8F7F837-0311-4DCC-A4A4-E13C9DBB3A9C}.Release|Any CPU.ActiveCfg = Release|Any CPU
		{C8F7F837-0311-4DCC-A4A4-E13C9DBB3A9C}.Release|Any CPU.Build.0 = Release|Any CPU
		{F6BA45E0-6EF2-48BB-9694-DD8F77E49253}.Debug|Any CPU.ActiveCfg = Debug|Any CPU
		{F6BA45E0-6EF2-48BB-9694-DD8F77E49253}.Debug|Any CPU.Build.0 = Debug|Any CPU
		{F6BA45E0-6EF2-48BB-9694-DD8F77E49253}.Release|Any CPU.ActiveCfg = Release|Any CPU
		{F6BA45E0-6EF2-48BB-9694-DD8F77E49253}.Release|Any CPU.Build.0 = Release|Any CPU
		{A19C857C-C04A-4AA3-98AF-B9D19F56F86F}.Debug|Any CPU.ActiveCfg = Debug|Any CPU
		{A19C857C-C04A-4AA3-98AF-B9D19F56F86F}.Debug|Any CPU.Build.0 = Debug|Any CPU
		{A19C857C-C04A-4AA3-98AF-B9D19F56F86F}.Release|Any CPU.ActiveCfg = Release|Any CPU
		{A19C857C-C04A-4AA3-98AF-B9D19F56F86F}.Release|Any CPU.Build.0 = Release|Any CPU
		{216471CD-6C16-4CCE-A952-32033CBE572D}.Debug|Any CPU.ActiveCfg = Debug|Any CPU
		{216471CD-6C16-4CCE-A952-32033CBE572D}.Debug|Any CPU.Build.0 = Debug|Any CPU
		{216471CD-6C16-4CCE-A952-32033CBE572D}.Release|Any CPU.ActiveCfg = Release|Any CPU
		{216471CD-6C16-4CCE-A952-32033CBE572D}.Release|Any CPU.Build.0 = Release|Any CPU
	EndGlobalSection
	GlobalSection(SolutionProperties) = preSolution
		HideSolutionNode = FALSE
	EndGlobalSection
	GlobalSection(NestedProjects) = preSolution
		{2E68FA85-1184-420A-B295-C5E7CF9986CD} = {AB7D758C-AA47-4AB6-B0A0-AF9C67D6D416}
		{21D9EC42-58B3-4273-90EC-E3830A0ED4ED} = {AB7D758C-AA47-4AB6-B0A0-AF9C67D6D416}
		{C609415C-E41E-40C8-9715-6BE0E888A86B} = {AB7D758C-AA47-4AB6-B0A0-AF9C67D6D416}
		{5FB1A6F5-FE33-496B-9480-BFC383E2DEF8} = {3B00C9B3-6FEA-4A4A-88DB-82CAEA1FD990}
		{96DF1BDF-8B4D-42CD-BE78-580FBED4F8B9} = {3B00C9B3-6FEA-4A4A-88DB-82CAEA1FD990}
		{F976EBC7-8F4D-4367-8942-F2C3983559EA} = {3B00C9B3-6FEA-4A4A-88DB-82CAEA1FD990}
		{9F80911E-4D05-4AB5-9495-7E2BF2BE335B} = {9313CC13-CB69-410C-A12E-00549714E005}
		{D58F040E-06C4-44CA-A841-50023871DB03} = {9313CC13-CB69-410C-A12E-00549714E005}
		{E7BE7E4A-CAAC-49E1-9695-DDA3B4C9DC00} = {9313CC13-CB69-410C-A12E-00549714E005}
		{7E733484-2C49-450A-BAEF-58E0A9A8B82D} = {84EC6B72-7EB3-437E-850D-F4F80F845C3F}
		{8672D61E-960F-4FFF-8DC8-98283C0198FB} = {84EC6B72-7EB3-437E-850D-F4F80F845C3F}
		{E844A7DC-DC70-4F30-B57F-35ED6493BACF} = {84EC6B72-7EB3-437E-850D-F4F80F845C3F}
		{64C09D6E-F422-4E29-A191-1317F5B3D0DC} = {6F1F5E5B-2A1A-4727-B66C-EE183FCB69B9}
		{BD5AFAFC-D219-4082-A470-F40479E63426} = {6F1F5E5B-2A1A-4727-B66C-EE183FCB69B9}
		{E0CABAAB-2D71-45AB-B81C-44D6F19DDF51} = {6F1F5E5B-2A1A-4727-B66C-EE183FCB69B9}
		{EE5360E8-EDC4-423D-9091-D51B5EFA5E9E} = {0B141AD8-6222-413F-AFDD-3A215EF7A9B2}
		{EB79097F-3B08-4301-A5DB-28ADB5245AE9} = {0B141AD8-6222-413F-AFDD-3A215EF7A9B2}
		{85E7FE52-372B-4CCC-BDC8-661652F17B75} = {0B141AD8-6222-413F-AFDD-3A215EF7A9B2}
		{AFC26070-5298-480D-AC78-C4EFD968B480} = {3D3274C1-FE68-4744-AEDE-9C33B6BD18D5}
		{2A38C5B7-7BFD-4454-9634-B6ECFAC72922} = {3D3274C1-FE68-4744-AEDE-9C33B6BD18D5}
		{C8F7F837-0311-4DCC-A4A4-E13C9DBB3A9C} = {3D3274C1-FE68-4744-AEDE-9C33B6BD18D5}
		{F6BA45E0-6EF2-48BB-9694-DD8F77E49253} = {1BD4D7A5-BBAA-4403-BB13-D50C45067E9D}
		{A19C857C-C04A-4AA3-98AF-B9D19F56F86F} = {1BD4D7A5-BBAA-4403-BB13-D50C45067E9D}
		{216471CD-6C16-4CCE-A952-32033CBE572D} = {1BD4D7A5-BBAA-4403-BB13-D50C45067E9D}
	EndGlobalSection
	GlobalSection(ExtensibilityGlobals) = postSolution
		SolutionGuid = {5EB38E0A-165D-4BF2-A115-4F5533B0BE72}
	EndGlobalSection
EndGlobal
