
Microsoft Visual Studio Solution File, Format Version 12.00
# Visual Studio Version 16
VisualStudioVersion = 16.0.33927.289
MinimumVisualStudioVersion = 10.0.40219.1
Project("{2150E333-8FDC-42A3-9474-1A3956D46DE8}") = "Task0", "Task0", "{AB7D758C-AA47-4AB6-B0A0-AF9C67D6D416}"
EndProject
Project("{2150E333-8FDC-42A3-9474-1A3956D46DE8}") = "Solution Items", "Solution Items", "{079B9ADB-3840-4C75-9E69-E1856C2565B9}"
	ProjectSection(SolutionItems) = preProject
		..\tyuiu.cources.programming.interfaces.dll = ..\tyuiu.cources.programming.interfaces.dll
	EndProjectSection
EndProject
Project("{FAE04EC0-301F-11D3-BF4B-00C04F79EFBC}") = "Tyuiu.TolmachevVV.Sprint2.Task0.V16", "Tyuiu.TolmachevVV.Sprint2.Task0.V16\Tyuiu.TolmachevVV.Sprint2.Task0.V16.csproj", "{2E68FA85-1184-420A-B295-C5E7CF9986CD}"
EndProject
Project("{FAE04EC0-301F-11D3-BF4B-00C04F79EFBC}") = "Tyuiu.TolmachevVV.Sprint2.Task0.V16.Lib", "Tyuiu.TolmachevVV.Sprint2.Task0.V16.Lib\Tyuiu.TolmachevVV.Sprint2.Task0.V16.Lib.csproj", "{21D9EC42-58B3-4273-90EC-E3830A0ED4ED}"
EndProject
Project("{FAE04EC0-301F-11D3-BF4B-00C04F79EFBC}") = "Tyuiu.TolmachevVV.Sprint2.Task0.V16.Test", "Tyuiu.TolmachevVV.Sprint2.Task0.V16.Test\Tyuiu.TolmachevVV.Sprint2.Task0.V16.Test.csproj", "{C609415C-E41E-40C8-9715-6BE0E888A86B}"
EndProject
Project("{2150E333-8FDC-42A3-9474-1A3956D46DE8}") = "Task1", "Task1", "{3B00C9B3-6FEA-4A4A-88DB-82CAEA1FD990}"
EndProject
Project("{FAE04EC0-301F-11D3-BF4B-00C04F79EFBC}") = "Tyuiu.TolmachevVV.Sprint2.Task1.V18", "Tyuiu.TolmachevVV.Sprint2.Task1.V18\Tyuiu.TolmachevVV.Sprint2.Task1.V18.csproj", "{5FB1A6F5-FE33-496B-9480-BFC383E2DEF8}"
EndProject
Project("{FAE04EC0-301F-11D3-BF4B-00C04F79EFBC}") = "Tyuiu.TolmachevVV.Sprint2.Task1.V18.Lib", "Tyuiu.TolmachevVV.Sprint2.Task1.V18.Lib\Tyuiu.TolmachevVV.Sprint2.Task1.V18.Lib.csproj", "{96DF1BDF-8B4D-42CD-BE78-580FBED4F8B9}"
EndProject
Project("{FAE04EC0-301F-11D3-BF4B-00C04F79EFBC}") = "Tyuiu.TolmachevVV.Sprint2.Task1.V18.Test", "Tyuiu.TolmachevVV.Sprint2.Task1.V18.Test\Tyuiu.TolmachevVV.Sprint2.Task1.V18.Test.csproj", "{F976EBC7-8F4D-4367-8942-F2C3983559EA}"
EndProject
Global
	GlobalSection(SolutionConfigurationPlatforms) = preSolution
		Debug|Any CPU = Debug|Any CPU
		Release|Any CPU = Release|Any CPU
	EndGlobalSection
	GlobalSection(ProjectConfigurationPlatforms) = postSolution
		{2E68FA85-1184-420A-B295-C5E7CF9986CD}.Debug|Any CPU.ActiveCfg = Debug|Any CPU
		{2E68FA85-1184-420A-B295-C5E7CF9986CD}.Debug|Any CPU.Build.0 = Debug|Any CPU
		{2E68FA85-1184-420A-B295-C5E7CF9986CD}.Release|Any CPU.ActiveCfg = Release|Any CPU
		{2E68FA85-1184-420A-B295-C5E7CF9986CD}.Release|Any CPU.Build.0 = Release|Any CPU
		{21D9EC42-58B3-4273-90EC-E3830A0ED4ED}.Debug|Any CPU.ActiveCfg = Debug|Any CPU
		{21D9EC42-58B3-4273-90EC-E3830A0ED4ED}.Debug|Any CPU.Build.0 = Debug|Any CPU
		{21D9EC42-58B3-4273-90EC-E3830A0ED4ED}.Release|Any CPU.ActiveCfg = Release|Any CPU
		{21D9EC42-58B3-4273-90EC-E3830A0ED4ED}.Release|Any CPU.Build.0 = Release|Any CPU
		{C609415C-E41E-40C8-9715-6BE0E888A86B}.Debug|Any CPU.ActiveCfg = Debug|Any CPU
		{C609415C-E41E-40C8-9715-6BE0E888A86B}.Debug|Any CPU.Build.0 = Debug|Any CPU
		{C609415C-E41E-40C8-9715-6BE0E888A86B}.Release|Any CPU.ActiveCfg = Release|Any CPU
		{C609415C-E41E-40C8-9715-6BE0E888A86B}.Release|Any CPU.Build.0 = Release|Any CPU
		{5FB1A6F5-FE33-496B-9480-BFC383E2DEF8}.Debug|Any CPU.ActiveCfg = Debug|Any CPU
		{5FB1A6F5-FE33-496B-9480-BFC383E2DEF8}.Debug|Any CPU.Build.0 = Debug|Any CPU
		{5FB1A6F5-FE33-496B-9480-BFC383E2DEF8}.Release|Any CPU.ActiveCfg = Release|Any CPU
		{5FB1A6F5-FE33-496B-9480-BFC383E2DEF8}.Release|Any CPU.Build.0 = Release|Any CPU
		{96DF1BDF-8B4D-42CD-BE78-580FBED4F8B9}.Debug|Any CPU.ActiveCfg = Debug|Any CPU
		{96DF1BDF-8B4D-42CD-BE78-580FBED4F8B9}.Debug|Any CPU.Build.0 = Debug|Any CPU
		{96DF1BDF-8B4D-42CD-BE78-580FBED4F8B9}.Release|Any CPU.ActiveCfg = Release|Any CPU
		{96DF1BDF-8B4D-42CD-BE78-580FBED4F8B9}.Release|Any CPU.Build.0 = Release|Any CPU
		{F976EBC7-8F4D-4367-8942-F2C3983559EA}.Debug|Any CPU.ActiveCfg = Debug|Any CPU
		{F976EBC7-8F4D-4367-8942-F2C3983559EA}.Debug|Any CPU.Build.0 = Debug|Any CPU
		{F976EBC7-8F4D-4367-8942-F2C3983559EA}.Release|Any CPU.ActiveCfg = Release|Any CPU
		{F976EBC7-8F4D-4367-8942-F2C3983559EA}.Release|Any CPU.Build.0 = Release|Any CPU
	EndGlobalSection
	GlobalSection(SolutionProperties) = preSolution
		HideSolutionNode = FALSE
	EndGlobalSection
	GlobalSection(NestedProjects) = preSolution
		{2E68FA85-1184-420A-B295-C5E7CF9986CD} = {AB7D758C-AA47-4AB6-B0A0-AF9C67D6D416}
		{21D9EC42-58B3-4273-90EC-E3830A0ED4ED} = {AB7D758C-AA47-4AB6-B0A0-AF9C67D6D416}
		{C609415C-E41E-40C8-9715-6BE0E888A86B} = {AB7D758C-AA47-4AB6-B0A0-AF9C67D6D416}
		{5FB1A6F5-FE33-496B-9480-BFC383E2DEF8} = {3B00C9B3-6FEA-4A4A-88DB-82CAEA1FD990}
		{96DF1BDF-8B4D-42CD-BE78-580FBED4F8B9} = {3B00C9B3-6FEA-4A4A-88DB-82CAEA1FD990}
		{F976EBC7-8F4D-4367-8942-F2C3983559EA} = {3B00C9B3-6FEA-4A4A-88DB-82CAEA1FD990}
	EndGlobalSection
	GlobalSection(ExtensibilityGlobals) = postSolution
		SolutionGuid = {5EB38E0A-165D-4BF2-A115-4F5533B0BE72}
	EndGlobalSection
EndGlobal
