
Microsoft Visual Studio Solution File, Format Version 12.00
# Visual Studio Version 16
VisualStudioVersion = 16.0.33927.289
MinimumVisualStudioVersion = 10.0.40219.1
Project("{2150E333-8FDC-42A3-9474-1A3956D46DE8}") = "Task0", "Task0", "{AB7D758C-AA47-4AB6-B0A0-AF9C67D6D416}"
EndProject
Project("{2150E333-8FDC-42A3-9474-1A3956D46DE8}") = "Solution Items", "Solution Items", "{079B9ADB-3840-4C75-9E69-E1856C2565B9}"
	ProjectSection(SolutionItems) = preProject
		..\tyuiu.cources.programming.interfaces.dll = ..\tyuiu.cources.programming.interfaces.dll
	EndProjectSection
EndProject
Project("{FAE04EC0-301F-11D3-BF4B-00C04F79EFBC}") = "Tyuiu.TolmachevVV.Sprint2.Task0.V16", "Tyuiu.TolmachevVV.Sprint2.Task0.V16\Tyuiu.TolmachevVV.Sprint2.Task0.V16.csproj", "{2E68FA85-1184-420A-B295-C5E7CF9986CD}"
EndProject
Project("{FAE04EC0-301F-11D3-BF4B-00C04F79EFBC}") = "Tyuiu.TolmachevVV.Sprint2.Task0.V16.Lib", "Tyuiu.TolmachevVV.Sprint2.Task0.V16.Lib\Tyuiu.TolmachevVV.Sprint2.Task0.V16.Lib.csproj", "{21D9EC42-58B3-4273-90EC-E3830A0ED4ED}"
EndProject
Project("{FAE04EC0-301F-11D3-BF4B-00C04F79EFBC}") = "Tyuiu.TolmachevVV.Sprint2.Task0.V16.Test", "Tyuiu.TolmachevVV.Sprint2.Task0.V16.Test\Tyuiu.TolmachevVV.Sprint2.Task0.V16.Test.csproj", "{C609415C-E41E-40C8-9715-6BE0E888A86B}"
EndProject
Project("{2150E333-8FDC-42A3-9474-1A3956D46DE8}") = "Task1", "Task1", "{3B00C9B3-6FEA-4A4A-88DB-82CAEA1FD990}"
EndProject
Project("{FAE04EC0-301F-11D3-BF4B-00C04F79EFBC}") = "Tyuiu.TolmachevVV.Sprint2.Task1.V18", "Tyuiu.TolmachevVV.Sprint2.Task1.V18\Tyuiu.TolmachevVV.Sprint2.Task1.V18.csproj", "{5FB1A6F5-FE33-496B-9480-BFC383E2DEF8}"
EndProject
Project("{FAE04EC0-301F-11D3-BF4B-00C04F79EFBC}") = "Tyuiu.TolmachevVV.Sprint2.Task1.V18.Lib", "Tyuiu.TolmachevVV.Sprint2.Task1.V18.Lib\Tyuiu.TolmachevVV.Sprint2.Task1.V18.Lib.csproj", "{96DF1BDF-8B4D-42CD-BE78-580FBED4F8B9}"
EndProject
Project("{FAE04EC0-301F-11D3-BF4B-00C04F79EFBC}") = "Tyuiu.TolmachevVV.Sprint2.Task1.V18.Test", "Tyuiu.TolmachevVV.Sprint2.Task1.V18.Test\Tyuiu.TolmachevVV.Sprint2.Task1.V18.Test.csproj", "{F976EBC7-8F4D-4367-8942-F2C3983559EA}"
EndProject
Project("{2150E333-8FDC-42A3-9474-1A3956D46DE8}") = "Task2", "Task2", "{9313CC13-CB69-410C-A12E-00549714E005}"
EndProject
Project("{FAE04EC0-301F-11D3-BF4B-00C04F79EFBC}") = "Tyuiu.TolmachevVV.Sprint2.Task2.V2", "Tyuiu.TolmachevVV.Sprint2.Task2.V2\Tyuiu.TolmachevVV.Sprint2.Task2.V2.csproj", "{9F80911E-4D05-4AB5-9495-7E2BF2BE335B}"
EndProject
Project("{FAE04EC0-301F-11D3-BF4B-00C04F79EFBC}") = "Tyuiu.TolmachevVV.Sprint2.Task2.V2.Lib", "Tyuiu.TolmachevVV.Sprint2.Task2.V2.Lib\Tyuiu.TolmachevVV.Sprint2.Task2.V2.Lib.csproj", "{D58F040E-06C4-44CA-A841-50023871DB03}"
EndProject
Project("{FAE04EC0-301F-11D3-BF4B-00C04F79EFBC}") = "Tyuiu.TolmachevVV.Sprint2.Task2.V2.Test", "Tyuiu.TolmachevVV.Sprint2.Task2.V2.Test\Tyuiu.TolmachevVV.Sprint2.Task2.V2.Test.csproj", "{E7BE7E4A-CAAC-49E1-9695-DDA3B4C9DC00}"
EndProject
Project("{2150E333-8FDC-42A3-9474-1A3956D46DE8}") = "Task3", "Task3", "{84EC6B72-7EB3-437E-850D-F4F80F845C3F}"
EndProject
Project("{FAE04EC0-301F-11D3-BF4B-00C04F79EFBC}") = "Tyuiu.TolmachevVV.Sprint2.Task3.V1", "Tyuiu.TolmachevVV.Sprint2.Task3.V1\Tyuiu.TolmachevVV.Sprint2.Task3.V1.csproj", "{7E733484-2C49-450A-BAEF-58E0A9A8B82D}"
EndProject
Project("{FAE04EC0-301F-11D3-BF4B-00C04F79EFBC}") = "Tyuiu.TolmachevVV.Sprint2.Task3.V1.Lib", "Tyuiu.TolmachevVV.Sprint2.Task3.V1.Lib\Tyuiu.TolmachevVV.Sprint2.Task3.V1.Lib.csproj", "{8672D61E-960F-4FFF-8DC8-98283C0198FB}"
EndProject
Project("{FAE04EC0-301F-11D3-BF4B-00C04F79EFBC}") = "Tyuiu.TolmachevVV.Sprint2.Task3.V1.Test", "Tyuiu.TolmachevVV.Sprint2.Task3.V1.Test\Tyuiu.TolmachevVV.Sprint2.Task3.V1.Test.csproj", "{E844A7DC-DC70-4F30-B57F-35ED6493BACF}"
EndProject
Global
	GlobalSection(SolutionConfigurationPlatforms) = preSolution
		Debug|Any CPU = Debug|Any CPU
		Release|Any CPU = Release|Any CPU
	EndGlobalSection
	GlobalSection(ProjectConfigurationPlatforms) = postSolution
		{2E68FA85-1184-420A-B295-C5E7CF9986CD}.Debug|Any CPU.ActiveCfg = Debug|Any CPU
		{2E68FA85-1184-420A-B295-C5E7CF9986CD}.Debug|Any CPU.Build.0 = Debug|Any CPU
		{2E68FA85-1184-420A-B295-C5E7CF9986CD}.Release|Any CPU.ActiveCfg = Release|Any CPU
		{2E68FA85-1184-420A-B295-C5E7CF9986CD}.Release|Any CPU.Build.0 = Release|Any CPU
		{21D9EC42-58B3-4273-90EC-E3830A0ED4ED}.Debug|Any CPU.ActiveCfg = Debug|Any CPU
		{21D9EC42-58B3-4273-90EC-E3830A0ED4ED}.Debug|Any CPU.Build.0 = Debug|Any CPU
		{21D9EC42-58B3-4273-90EC-E3830A0ED4ED}.Release|Any CPU.ActiveCfg = Release|Any CPU
		{21D9EC42-58B3-4273-90EC-E3830A0ED4ED}.Release|Any CPU.Build.0 = Release|Any CPU
		{C609415C-E41E-40C8-9715-6BE0E888A86B}.Debug|Any CPU.ActiveCfg = Debug|Any CPU
		{C609415C-E41E-40C8-9715-6BE0E888A86B}.Debug|Any CPU.Build.0 = Debug|Any CPU
		{C609415C-E41E-40C8-9715-6BE0E888A86B}.Release|Any CPU.ActiveCfg = Release|Any CPU
		{C609415C-E41E-40C8-9715-6BE0E888A86B}.Release|Any CPU.Build.0 = Release|Any CPU
		{5FB1A6F5-FE33-496B-9480-BFC383E2DEF8}.Debug|Any CPU.ActiveCfg = Debug|Any CPU
		{5FB1A6F5-FE33-496B-9480-BFC383E2DEF8}.Debug|Any CPU.Build.0 = Debug|Any CPU
		{5FB1A6F5-FE33-496B-9480-BFC383E2DEF8}.Release|Any CPU.ActiveCfg = Release|Any CPU
		{5FB1A6F5-FE33-496B-9480-BFC383E2DEF8}.Release|Any CPU.Build.0 = Release|Any CPU
		{96DF1BDF-8B4D-42CD-BE78-580FBED4F8B9}.Debug|Any CPU.ActiveCfg = Debug|Any CPU
		{96DF1BDF-8B4D-42CD-BE78-580FBED4F8B9}.Debug|Any CPU.Build.0 = Debug|Any CPU
		{96DF1BDF-8B4D-42CD-BE78-580FBED4F8B9}.Release|Any CPU.ActiveCfg = Release|Any CPU
		{96DF1BDF-8B4D-42CD-BE78-580FBED4F8B9}.Release|Any CPU.Build.0 = Release|Any CPU
		{F976EBC7-8F4D-4367-8942-F2C3983559EA}.Debug|Any CPU.ActiveCfg = Debug|Any CPU
		{F976EBC7-8F4D-4367-8942-F2C3983559EA}.Debug|Any CPU.Build.0 = Debug|Any CPU
		{F976EBC7-8F4D-4367-8942-F2C3983559EA}.Release|Any CPU.ActiveCfg = Release|Any CPU
		{F976EBC7-8F4D-4367-8942-F2C3983559EA}.Release|Any CPU.Build.0 = Release|Any CPU
		{9F80911E-4D05-4AB5-9495-7E2BF2BE335B}.Debug|Any CPU.ActiveCfg = Debug|Any CPU
		{9F80911E-4D05-4AB5-9495-7E2BF2BE335B}.Debug|Any CPU.Build.0 = Debug|Any CPU
		{9F80911E-4D05-4AB5-9495-7E2BF2BE335B}.Release|Any CPU.ActiveCfg = Release|Any CPU
		{9F80911E-4D05-4AB5-9495-7E2BF2BE335B}.Release|Any CPU.Build.0 = Release|Any CPU
		{D58F040E-06C4-44CA-A841-50023871DB03}.Debug|Any CPU.ActiveCfg = Debug|Any CPU
		{D58F040E-06C4-44CA-A841-50023871DB03}.Debug|Any CPU.Build.0 = Debug|Any CPU
		{D58F040E-06C4-44CA-A841-50023871DB03}.Release|Any CPU.ActiveCfg = Release|Any CPU
		{D58F040E-06C4-44CA-A841-50023871DB03}.Release|Any CPU.Build.0 = Release|Any CPU
		{E7BE7E4A-CAAC-49E1-9695-DDA3B4C9DC00}.Debug|Any CPU.ActiveCfg = Debug|Any CPU
		{E7BE7E4A-CAAC-49E1-9695-DDA3B4C9DC00}.Debug|Any CPU.Build.0 = Debug|Any CPU
		{E7BE7E4A-CAAC-49E1-9695-DDA3B4C9DC00}.Release|Any CPU.ActiveCfg = Release|Any CPU
		{E7BE7E4A-CAAC-49E1-9695-DDA3B4C9DC00}.Release|Any CPU.Build.0 = Release|Any CPU
		{7E733484-2C49-450A-BAEF-58E0A9A8B82D}.Debug|Any CPU.ActiveCfg = Debug|Any CPU
		{7E733484-2C49-450A-BAEF-58E0A9A8B82D}.Debug|Any CPU.Build.0 = Debug|Any CPU
		{7E733484-2C49-450A-BAEF-58E0A9A8B82D}.Release|Any CPU.ActiveCfg = Release|Any CPU
		{7E733484-2C49-450A-BAEF-58E0A9A8B82D}.Release|Any CPU.Build.0 = Release|Any CPU
		{8672D61E-960F-4FFF-8DC8-98283C0198FB}.Debug|Any CPU.ActiveCfg = Debug|Any CPU
		{8672D61E-960F-4FFF-8DC8-98283C0198FB}.Debug|Any CPU.Build.0 = Debug|Any CPU
		{8672D61E-960F-4FFF-8DC8-98283C0198FB}.Release|Any CPU.ActiveCfg = Release|Any CPU
		{8672D61E-960F-4FFF-8DC8-98283C0198FB}.Release|Any CPU.Build.0 = Release|Any CPU
		{E844A7DC-DC70-4F30-B57F-35ED6493BACF}.Debug|Any CPU.ActiveCfg = Debug|Any CPU
		{E844A7DC-DC70-4F30-B57F-35ED6493BACF}.Debug|Any CPU.Build.0 = Debug|Any CPU
		{E844A7DC-DC70-4F30-B57F-35ED6493BACF}.Release|Any CPU.ActiveCfg = Release|Any CPU
		{E844A7DC-DC70-4F30-B57F-35ED6493BACF}.Release|Any CPU.Build.0 = Release|Any CPU
	EndGlobalSection
	GlobalSection(SolutionProperties) = preSolution
		HideSolutionNode = FALSE
	EndGlobalSection
	GlobalSection(NestedProjects) = preSolution
		{2E68FA85-1184-420A-B295-C5E7CF9986CD} = {AB7D758C-AA47-4AB6-B0A0-AF9C67D6D416}
		{21D9EC42-58B3-4273-90EC-E3830A0ED4ED} = {AB7D758C-AA47-4AB6-B0A0-AF9C67D6D416}
		{C609415C-E41E-40C8-9715-6BE0E888A86B} = {AB7D758C-AA47-4AB6-B0A0-AF9C67D6D416}
		{5FB1A6F5-FE33-496B-9480-BFC383E2DEF8} = {3B00C9B3-6FEA-4A4A-88DB-82CAEA1FD990}
		{96DF1BDF-8B4D-42CD-BE78-580FBED4F8B9} = {3B00C9B3-6FEA-4A4A-88DB-82CAEA1FD990}
		{F976EBC7-8F4D-4367-8942-F2C3983559EA} = {3B00C9B3-6FEA-4A4A-88DB-82CAEA1FD990}
		{9F80911E-4D05-4AB5-9495-7E2BF2BE335B} = {9313CC13-CB69-410C-A12E-00549714E005}
		{D58F040E-06C4-44CA-A841-50023871DB03} = {9313CC13-CB69-410C-A12E-00549714E005}
		{E7BE7E4A-CAAC-49E1-9695-DDA3B4C9DC00} = {9313CC13-CB69-410C-A12E-00549714E005}
		{7E733484-2C49-450A-BAEF-58E0A9A8B82D} = {84EC6B72-7EB3-437E-850D-F4F80F845C3F}
		{8672D61E-960F-4FFF-8DC8-98283C0198FB} = {84EC6B72-7EB3-437E-850D-F4F80F845C3F}
		{E844A7DC-DC70-4F30-B57F-35ED6493BACF} = {84EC6B72-7EB3-437E-850D-F4F80F845C3F}
	EndGlobalSection
	GlobalSection(ExtensibilityGlobals) = postSolution
		SolutionGuid = {5EB38E0A-165D-4BF2-A115-4F5533B0BE72}
	EndGlobalSection
EndGlobal
